
Microsoft Visual Studio Solution File, Format Version 12.00
# Visual Studio Version 17
VisualStudioVersion = 17.9.34622.214
MinimumVisualStudioVersion = 10.0.40219.1
Project("{2150E333-8FDC-42A3-9474-1A3956D46DE8}") = "Services", "Services", "{EB3B89B7-FC92-42ED-9A06-6783C0EB913A}"
EndProject
Project("{2150E333-8FDC-42A3-9474-1A3956D46DE8}") = "Catalog", "Catalog", "{9357CEB5-981D-4FDC-9E8D-E0995AC29EB6}"
EndProject
Project("{9A19103F-16F7-4668-BE54-9A1E7A4F7556}") = "MultiShop.Catalog", "Services\Catalog\MultiShop.Catalog\MultiShop.Catalog.csproj", "{BCFBD408-CFF8-411B-96E4-A5A6BF36A2EC}"
EndProject
Project("{2150E333-8FDC-42A3-9474-1A3956D46DE8}") = "Discount", "Discount", "{02BCD0BE-2EE8-467C-AF9A-F7152E073BFE}"
EndProject
Project("{9A19103F-16F7-4668-BE54-9A1E7A4F7556}") = "MultiShop.Discount", "Services\Discount\MultiShop.Discount\MultiShop.Discount.csproj", "{27CD333D-6835-4E1E-ABAF-263A4D91175E}"
EndProject
Project("{2150E333-8FDC-42A3-9474-1A3956D46DE8}") = "Order", "Order", "{DA584D7F-E79A-4EFA-A6FF-F2992D868832}"
EndProject
Project("{2150E333-8FDC-42A3-9474-1A3956D46DE8}") = "Core", "Core", "{5CBEFCBF-E80C-419C-B02C-ACA1C4BD4DC3}"
EndProject
Project("{2150E333-8FDC-42A3-9474-1A3956D46DE8}") = "Infrastructure", "Infrastructure", "{DB7D138A-3DA1-4179-8E22-4C0655B0A98D}"
EndProject
Project("{2150E333-8FDC-42A3-9474-1A3956D46DE8}") = "Presentation", "Presentation", "{76304B1B-C02A-4315-BDD7-69C9DB663A00}"
EndProject
Project("{9A19103F-16F7-4668-BE54-9A1E7A4F7556}") = "MultiShop.Order.Domain", "Services\Order\Core\MultiShop.Order.Domain\MultiShop.Order.Domain.csproj", "{A9EAA9D1-3B03-4F73-844D-9D93E3F3B594}"
EndProject
Project("{9A19103F-16F7-4668-BE54-9A1E7A4F7556}") = "MultiShop.Order.Application", "Services\Order\Core\MultiShop.Order.Application\MultiShop.Order.Application.csproj", "{15208F74-55A0-49BD-B01A-BB2D73043F7C}"
EndProject
Project("{9A19103F-16F7-4668-BE54-9A1E7A4F7556}") = "MultiShop.Order.Persistence", "Services\Order\Infrastructure\MultiShop.Order.Persistence\MultiShop.Order.Persistence.csproj", "{BAC77636-9A89-434C-9E48-07E31EA29720}"
EndProject
Project("{9A19103F-16F7-4668-BE54-9A1E7A4F7556}") = "MultiShop.Order.WebApi", "Services\Order\Presentation\MultiShop.Order.WebApi\MultiShop.Order.WebApi.csproj", "{6440536B-277E-42E9-B4FC-7BD90F03CEDA}"
EndProject
Project("{2150E333-8FDC-42A3-9474-1A3956D46DE8}") = "IdentityServer", "IdentityServer", "{1B019090-5A23-445E-8089-2308BA686911}"
EndProject
Project("{9A19103F-16F7-4668-BE54-9A1E7A4F7556}") = "MultiShop.IdentityServer", "IdentityServer\MultiShop.IdentityServer\MultiShop.IdentityServer.csproj", "{3251BA99-56F9-4985-A5E8-D3CC5BEDB54C}"
EndProject
Project("{2150E333-8FDC-42A3-9474-1A3956D46DE8}") = "Frontends", "Frontends", "{5E81A355-E107-41BF-9B49-6500FCF1F8B8}"
EndProject
Project("{9A19103F-16F7-4668-BE54-9A1E7A4F7556}") = "MultiShop.WebUI", "Frontends\MultiShop.WebUI\MultiShop.WebUI.csproj", "{C531F9C6-E008-4DFF-8A99-D18A3C192724}"
EndProject
Project("{2150E333-8FDC-42A3-9474-1A3956D46DE8}") = "Cargo", "Cargo", "{E42F408F-EAA2-4C8E-A783-2848E077EC3C}"
EndProject
Project("{9A19103F-16F7-4668-BE54-9A1E7A4F7556}") = "MultiShop.Cargo.EntityLayer", "Services\Cargo\MultiShop.Cargo.EntityLayer\MultiShop.Cargo.EntityLayer.csproj", "{09CF666E-12BD-417F-BA7A-B7F8955254D3}"
EndProject
Project("{9A19103F-16F7-4668-BE54-9A1E7A4F7556}") = "MultiShop.Cargo.BusinessLayer", "Services\Cargo\MultiShop.Cargo.BusinessLayer\MultiShop.Cargo.BusinessLayer.csproj", "{F63AD317-2973-4795-880B-21672E2C3581}"
EndProject
Project("{9A19103F-16F7-4668-BE54-9A1E7A4F7556}") = "MultiShop.Cargo.DataAccessLayer", "Services\Cargo\MultiShop.Cargo.DataAccessLayer\MultiShop.Cargo.DataAccessLayer.csproj", "{7350923E-AA94-485D-957D-20AD5854C292}"
EndProject
Project("{9A19103F-16F7-4668-BE54-9A1E7A4F7556}") = "MultiShop.Cargo.DtoLayer", "Services\Cargo\MultiShop.Cargo.DtoLayer\MultiShop.Cargo.DtoLayer.csproj", "{4142F475-D91F-4FF6-AE89-8B564D624C3D}"
EndProject
Project("{9A19103F-16F7-4668-BE54-9A1E7A4F7556}") = "MultiShop.Cargo.WebApi", "Services\Cargo\MultiShop.Cargo.WebApi\MultiShop.Cargo.WebApi.csproj", "{FF1B1B75-0894-4BF4-AD2C-54B6873AF6BE}"
EndProject
Project("{2150E333-8FDC-42A3-9474-1A3956D46DE8}") = "Basket", "Basket", "{52E11369-0F1A-479D-BE90-BF18F498EF8F}"
EndProject
Project("{9A19103F-16F7-4668-BE54-9A1E7A4F7556}") = "MultiShop.Basket", "Services\Basket\MultiShop.Basket\MultiShop.Basket.csproj", "{D5EB73A9-82FF-4C78-B1FA-4E65E905933D}"
EndProject
Project("{FAE04EC0-301F-11D3-BF4B-00C04F79EFBC}") = "MultiShop.DtoLayer", "Frontends\MultiShop.DtoLayer\MultiShop.DtoLayer.csproj", "{B670CEEE-981B-45DE-8D95-7CA23E925C14}"
EndProject
Global
	GlobalSection(SolutionConfigurationPlatforms) = preSolution
		Debug|Any CPU = Debug|Any CPU
		Release|Any CPU = Release|Any CPU
	EndGlobalSection
	GlobalSection(ProjectConfigurationPlatforms) = postSolution
		{BCFBD408-CFF8-411B-96E4-A5A6BF36A2EC}.Debug|Any CPU.ActiveCfg = Debug|Any CPU
		{BCFBD408-CFF8-411B-96E4-A5A6BF36A2EC}.Debug|Any CPU.Build.0 = Debug|Any CPU
		{BCFBD408-CFF8-411B-96E4-A5A6BF36A2EC}.Release|Any CPU.ActiveCfg = Release|Any CPU
		{BCFBD408-CFF8-411B-96E4-A5A6BF36A2EC}.Release|Any CPU.Build.0 = Release|Any CPU
		{27CD333D-6835-4E1E-ABAF-263A4D91175E}.Debug|Any CPU.ActiveCfg = Debug|Any CPU
		{27CD333D-6835-4E1E-ABAF-263A4D91175E}.Debug|Any CPU.Build.0 = Debug|Any CPU
		{27CD333D-6835-4E1E-ABAF-263A4D91175E}.Release|Any CPU.ActiveCfg = Release|Any CPU
		{27CD333D-6835-4E1E-ABAF-263A4D91175E}.Release|Any CPU.Build.0 = Release|Any CPU
		{A9EAA9D1-3B03-4F73-844D-9D93E3F3B594}.Debug|Any CPU.ActiveCfg = Debug|Any CPU
		{A9EAA9D1-3B03-4F73-844D-9D93E3F3B594}.Debug|Any CPU.Build.0 = Debug|Any CPU
		{A9EAA9D1-3B03-4F73-844D-9D93E3F3B594}.Release|Any CPU.ActiveCfg = Release|Any CPU
		{A9EAA9D1-3B03-4F73-844D-9D93E3F3B594}.Release|Any CPU.Build.0 = Release|Any CPU
		{15208F74-55A0-49BD-B01A-BB2D73043F7C}.Debug|Any CPU.ActiveCfg = Debug|Any CPU
		{15208F74-55A0-49BD-B01A-BB2D73043F7C}.Debug|Any CPU.Build.0 = Debug|Any CPU
		{15208F74-55A0-49BD-B01A-BB2D73043F7C}.Release|Any CPU.ActiveCfg = Release|Any CPU
		{15208F74-55A0-49BD-B01A-BB2D73043F7C}.Release|Any CPU.Build.0 = Release|Any CPU
		{BAC77636-9A89-434C-9E48-07E31EA29720}.Debug|Any CPU.ActiveCfg = Debug|Any CPU
		{BAC77636-9A89-434C-9E48-07E31EA29720}.Debug|Any CPU.Build.0 = Debug|Any CPU
		{BAC77636-9A89-434C-9E48-07E31EA29720}.Release|Any CPU.ActiveCfg = Release|Any CPU
		{BAC77636-9A89-434C-9E48-07E31EA29720}.Release|Any CPU.Build.0 = Release|Any CPU
		{6440536B-277E-42E9-B4FC-7BD90F03CEDA}.Debug|Any CPU.ActiveCfg = Debug|Any CPU
		{6440536B-277E-42E9-B4FC-7BD90F03CEDA}.Debug|Any CPU.Build.0 = Debug|Any CPU
		{6440536B-277E-42E9-B4FC-7BD90F03CEDA}.Release|Any CPU.ActiveCfg = Release|Any CPU
		{6440536B-277E-42E9-B4FC-7BD90F03CEDA}.Release|Any CPU.Build.0 = Release|Any CPU
		{3251BA99-56F9-4985-A5E8-D3CC5BEDB54C}.Debug|Any CPU.ActiveCfg = Debug|Any CPU
		{3251BA99-56F9-4985-A5E8-D3CC5BEDB54C}.Debug|Any CPU.Build.0 = Debug|Any CPU
		{3251BA99-56F9-4985-A5E8-D3CC5BEDB54C}.Release|Any CPU.ActiveCfg = Release|Any CPU
		{3251BA99-56F9-4985-A5E8-D3CC5BEDB54C}.Release|Any CPU.Build.0 = Release|Any CPU
		{C531F9C6-E008-4DFF-8A99-D18A3C192724}.Debug|Any CPU.ActiveCfg = Debug|Any CPU
		{C531F9C6-E008-4DFF-8A99-D18A3C192724}.Debug|Any CPU.Build.0 = Debug|Any CPU
		{C531F9C6-E008-4DFF-8A99-D18A3C192724}.Release|Any CPU.ActiveCfg = Release|Any CPU
		{C531F9C6-E008-4DFF-8A99-D18A3C192724}.Release|Any CPU.Build.0 = Release|Any CPU
		{09CF666E-12BD-417F-BA7A-B7F8955254D3}.Debug|Any CPU.ActiveCfg = Debug|Any CPU
		{09CF666E-12BD-417F-BA7A-B7F8955254D3}.Debug|Any CPU.Build.0 = Debug|Any CPU
		{09CF666E-12BD-417F-BA7A-B7F8955254D3}.Release|Any CPU.ActiveCfg = Release|Any CPU
		{09CF666E-12BD-417F-BA7A-B7F8955254D3}.Release|Any CPU.Build.0 = Release|Any CPU
		{F63AD317-2973-4795-880B-21672E2C3581}.Debug|Any CPU.ActiveCfg = Debug|Any CPU
		{F63AD317-2973-4795-880B-21672E2C3581}.Debug|Any CPU.Build.0 = Debug|Any CPU
		{F63AD317-2973-4795-880B-21672E2C3581}.Release|Any CPU.ActiveCfg = Release|Any CPU
		{F63AD317-2973-4795-880B-21672E2C3581}.Release|Any CPU.Build.0 = Release|Any CPU
		{7350923E-AA94-485D-957D-20AD5854C292}.Debug|Any CPU.ActiveCfg = Debug|Any CPU
		{7350923E-AA94-485D-957D-20AD5854C292}.Debug|Any CPU.Build.0 = Debug|Any CPU
		{7350923E-AA94-485D-957D-20AD5854C292}.Release|Any CPU.ActiveCfg = Release|Any CPU
		{7350923E-AA94-485D-957D-20AD5854C292}.Release|Any CPU.Build.0 = Release|Any CPU
		{4142F475-D91F-4FF6-AE89-8B564D624C3D}.Debug|Any CPU.ActiveCfg = Debug|Any CPU
		{4142F475-D91F-4FF6-AE89-8B564D624C3D}.Debug|Any CPU.Build.0 = Debug|Any CPU
		{4142F475-D91F-4FF6-AE89-8B564D624C3D}.Release|Any CPU.ActiveCfg = Release|Any CPU
		{4142F475-D91F-4FF6-AE89-8B564D624C3D}.Release|Any CPU.Build.0 = Release|Any CPU
		{FF1B1B75-0894-4BF4-AD2C-54B6873AF6BE}.Debug|Any CPU.ActiveCfg = Debug|Any CPU
		{FF1B1B75-0894-4BF4-AD2C-54B6873AF6BE}.Debug|Any CPU.Build.0 = Debug|Any CPU
		{FF1B1B75-0894-4BF4-AD2C-54B6873AF6BE}.Release|Any CPU.ActiveCfg = Release|Any CPU
		{FF1B1B75-0894-4BF4-AD2C-54B6873AF6BE}.Release|Any CPU.Build.0 = Release|Any CPU
		{D5EB73A9-82FF-4C78-B1FA-4E65E905933D}.Debug|Any CPU.ActiveCfg = Debug|Any CPU
		{D5EB73A9-82FF-4C78-B1FA-4E65E905933D}.Debug|Any CPU.Build.0 = Debug|Any CPU
		{D5EB73A9-82FF-4C78-B1FA-4E65E905933D}.Release|Any CPU.ActiveCfg = Release|Any CPU
		{D5EB73A9-82FF-4C78-B1FA-4E65E905933D}.Release|Any CPU.Build.0 = Release|Any CPU
		{B670CEEE-981B-45DE-8D95-7CA23E925C14}.Debug|Any CPU.ActiveCfg = Debug|Any CPU
		{B670CEEE-981B-45DE-8D95-7CA23E925C14}.Debug|Any CPU.Build.0 = Debug|Any CPU
		{B670CEEE-981B-45DE-8D95-7CA23E925C14}.Release|Any CPU.ActiveCfg = Release|Any CPU
		{B670CEEE-981B-45DE-8D95-7CA23E925C14}.Release|Any CPU.Build.0 = Release|Any CPU
	EndGlobalSection
	GlobalSection(SolutionProperties) = preSolution
		HideSolutionNode = FALSE
	EndGlobalSection
	GlobalSection(NestedProjects) = preSolution
		{9357CEB5-981D-4FDC-9E8D-E0995AC29EB6} = {EB3B89B7-FC92-42ED-9A06-6783C0EB913A}
		{BCFBD408-CFF8-411B-96E4-A5A6BF36A2EC} = {9357CEB5-981D-4FDC-9E8D-E0995AC29EB6}
		{02BCD0BE-2EE8-467C-AF9A-F7152E073BFE} = {EB3B89B7-FC92-42ED-9A06-6783C0EB913A}
		{27CD333D-6835-4E1E-ABAF-263A4D91175E} = {02BCD0BE-2EE8-467C-AF9A-F7152E073BFE}
		{DA584D7F-E79A-4EFA-A6FF-F2992D868832} = {EB3B89B7-FC92-42ED-9A06-6783C0EB913A}
		{5CBEFCBF-E80C-419C-B02C-ACA1C4BD4DC3} = {DA584D7F-E79A-4EFA-A6FF-F2992D868832}
		{DB7D138A-3DA1-4179-8E22-4C0655B0A98D} = {DA584D7F-E79A-4EFA-A6FF-F2992D868832}
		{76304B1B-C02A-4315-BDD7-69C9DB663A00} = {DA584D7F-E79A-4EFA-A6FF-F2992D868832}
		{A9EAA9D1-3B03-4F73-844D-9D93E3F3B594} = {5CBEFCBF-E80C-419C-B02C-ACA1C4BD4DC3}
		{15208F74-55A0-49BD-B01A-BB2D73043F7C} = {5CBEFCBF-E80C-419C-B02C-ACA1C4BD4DC3}
		{BAC77636-9A89-434C-9E48-07E31EA29720} = {DB7D138A-3DA1-4179-8E22-4C0655B0A98D}
		{6440536B-277E-42E9-B4FC-7BD90F03CEDA} = {76304B1B-C02A-4315-BDD7-69C9DB663A00}
		{3251BA99-56F9-4985-A5E8-D3CC5BEDB54C} = {1B019090-5A23-445E-8089-2308BA686911}
		{C531F9C6-E008-4DFF-8A99-D18A3C192724} = {5E81A355-E107-41BF-9B49-6500FCF1F8B8}
		{E42F408F-EAA2-4C8E-A783-2848E077EC3C} = {EB3B89B7-FC92-42ED-9A06-6783C0EB913A}
		{09CF666E-12BD-417F-BA7A-B7F8955254D3} = {E42F408F-EAA2-4C8E-A783-2848E077EC3C}
		{F63AD317-2973-4795-880B-21672E2C3581} = {E42F408F-EAA2-4C8E-A783-2848E077EC3C}
		{7350923E-AA94-485D-957D-20AD5854C292} = {E42F408F-EAA2-4C8E-A783-2848E077EC3C}
		{4142F475-D91F-4FF6-AE89-8B564D624C3D} = {E42F408F-EAA2-4C8E-A783-2848E077EC3C}
		{FF1B1B75-0894-4BF4-AD2C-54B6873AF6BE} = {E42F408F-EAA2-4C8E-A783-2848E077EC3C}
		{52E11369-0F1A-479D-BE90-BF18F498EF8F} = {EB3B89B7-FC92-42ED-9A06-6783C0EB913A}
		{D5EB73A9-82FF-4C78-B1FA-4E65E905933D} = {52E11369-0F1A-479D-BE90-BF18F498EF8F}
		{B670CEEE-981B-45DE-8D95-7CA23E925C14} = {5E81A355-E107-41BF-9B49-6500FCF1F8B8}
	EndGlobalSection
	GlobalSection(ExtensibilityGlobals) = postSolution
		SolutionGuid = {0EBF9BD7-11B1-46EC-A2DB-B3BF8B95C663}
	EndGlobalSection
EndGlobal
